
Microsoft Visual Studio Solution File, Format Version 12.00
Project("{FAE04EC0-301F-11D3-BF4B-00C04F79EFBC}") = "WebApp", "WebApp\WebApp.csproj", "{780FB293-E33B-41D1-852F-99BC8B9A3898}"
EndProject
Project("{2150E333-8FDC-42A3-9474-1A3956D46DE8}") = "APP", "APP", "{28D771D0-41B9-46CC-A090-D1E9DB7E214A}"
EndProject
Project("{FAE04EC0-301F-11D3-BF4B-00C04F79EFBC}") = "App.Domain", "App.Domain\App.Domain.csproj", "{4F386E91-F4BA-45BB-A71A-A1A1BF316EF2}"
EndProject
Project("{2150E333-8FDC-42A3-9474-1A3956D46DE8}") = "BASE", "BASE", "{361A9C1E-507B-4D7C-937F-FA0B34653EF9}"
EndProject
Project("{2150E333-8FDC-42A3-9474-1A3956D46DE8}") = "Contracts", "Contracts", "{77132F36-F602-4495-A5FE-C788940BE75A}"
EndProject
Project("{FAE04EC0-301F-11D3-BF4B-00C04F79EFBC}") = "Base.Contracts", "Base.Contracts\Base.Contracts.csproj", "{E7FF41B4-5D1C-4AA7-9290-D8867C9637A1}"
EndProject
Project("{FAE04EC0-301F-11D3-BF4B-00C04F79EFBC}") = "Base.Contracts.BLL", "Base.Contracts.BLL\Base.Contracts.BLL.csproj", "{E4573EFB-CDD5-4506-97B4-35473C4594ED}"
EndProject
Project("{FAE04EC0-301F-11D3-BF4B-00C04F79EFBC}") = "Base.Contracts.DAL", "Base.Contracts.DAL\Base.Contracts.DAL.csproj", "{65F1D5A4-0C02-4BD7-B30F-C1760E328750}"
EndProject
Project("{FAE04EC0-301F-11D3-BF4B-00C04F79EFBC}") = "Base.Contracts.Domain", "Base.Contracts.Domain\Base.Contracts.Domain.csproj", "{A5326B82-C2EB-4E62-8A7C-52CF1596FDB8}"
EndProject
Project("{FAE04EC0-301F-11D3-BF4B-00C04F79EFBC}") = "Base.Domain", "Base.Domain\Base.Domain.csproj", "{DB5C1EE1-BF14-44FB-8467-1E4E884FA844}"
EndProject
Project("{FAE04EC0-301F-11D3-BF4B-00C04F79EFBC}") = "App.DAL.EF", "App.DAL.EF\App.DAL.EF.csproj", "{21A1BB4B-D364-453B-A71C-DB06FF321752}"
EndProject
Project("{2150E333-8FDC-42A3-9474-1A3956D46DE8}") = "Solution Items", "Solution Items", "{FA0565CF-2F36-4A1E-BA18-3D276F9455E0}"
	ProjectSection(SolutionItems) = preProject
		..\docker-compose.yml = ..\docker-compose.yml
		..\Dockerfile = ..\Dockerfile
		..\README.md = ..\README.md
		..\.gitignore = ..\.gitignore
	EndProjectSection
EndProject
Project("{FAE04EC0-301F-11D3-BF4B-00C04F79EFBC}") = "App.BLL", "App.BLL\App.BLL.csproj", "{7D3D43F7-3838-4E89-836B-676CFA6DB30A}"
EndProject
Project("{FAE04EC0-301F-11D3-BF4B-00C04F79EFBC}") = "Base.BLL", "Base.BLL\Base.BLL.csproj", "{2E6B6C83-7C47-4A72-9442-A1942AA97693}"
EndProject
Project("{2150E333-8FDC-42A3-9474-1A3956D46DE8}") = "Contracts", "Contracts", "{3A478567-6ED6-465B-B0EB-12788B241131}"
EndProject
Project("{FAE04EC0-301F-11D3-BF4B-00C04F79EFBC}") = "App.Contracts.BLL", "App.Contracts.BLL\App.Contracts.BLL.csproj", "{2E9CB0C5-FB06-4C92-BA9A-2FBBCC91BDA1}"
EndProject
Project("{FAE04EC0-301F-11D3-BF4B-00C04F79EFBC}") = "App.Contracts.DAL", "App.Contracts.DAL\App.Contracts.DAL.csproj", "{79A28841-843A-448F-B623-6F4842E3586A}"
EndProject
Project("{FAE04EC0-301F-11D3-BF4B-00C04F79EFBC}") = "App.BLL.DTO", "App.BLL.DTO\App.BLL.DTO.csproj", "{AEC9F256-9BFD-4C19-A6DB-5C9195BC443A}"
EndProject
Global
	GlobalSection(SolutionConfigurationPlatforms) = preSolution
		Debug|Any CPU = Debug|Any CPU
		Release|Any CPU = Release|Any CPU
	EndGlobalSection
	GlobalSection(ProjectConfigurationPlatforms) = postSolution
		{780FB293-E33B-41D1-852F-99BC8B9A3898}.Debug|Any CPU.ActiveCfg = Debug|Any CPU
		{780FB293-E33B-41D1-852F-99BC8B9A3898}.Debug|Any CPU.Build.0 = Debug|Any CPU
		{780FB293-E33B-41D1-852F-99BC8B9A3898}.Release|Any CPU.ActiveCfg = Release|Any CPU
		{780FB293-E33B-41D1-852F-99BC8B9A3898}.Release|Any CPU.Build.0 = Release|Any CPU
		{4F386E91-F4BA-45BB-A71A-A1A1BF316EF2}.Debug|Any CPU.ActiveCfg = Debug|Any CPU
		{4F386E91-F4BA-45BB-A71A-A1A1BF316EF2}.Debug|Any CPU.Build.0 = Debug|Any CPU
		{4F386E91-F4BA-45BB-A71A-A1A1BF316EF2}.Release|Any CPU.ActiveCfg = Release|Any CPU
		{4F386E91-F4BA-45BB-A71A-A1A1BF316EF2}.Release|Any CPU.Build.0 = Release|Any CPU
		{E7FF41B4-5D1C-4AA7-9290-D8867C9637A1}.Debug|Any CPU.ActiveCfg = Debug|Any CPU
		{E7FF41B4-5D1C-4AA7-9290-D8867C9637A1}.Debug|Any CPU.Build.0 = Debug|Any CPU
		{E7FF41B4-5D1C-4AA7-9290-D8867C9637A1}.Release|Any CPU.ActiveCfg = Release|Any CPU
		{E7FF41B4-5D1C-4AA7-9290-D8867C9637A1}.Release|Any CPU.Build.0 = Release|Any CPU
		{E4573EFB-CDD5-4506-97B4-35473C4594ED}.Debug|Any CPU.ActiveCfg = Debug|Any CPU
		{E4573EFB-CDD5-4506-97B4-35473C4594ED}.Debug|Any CPU.Build.0 = Debug|Any CPU
		{E4573EFB-CDD5-4506-97B4-35473C4594ED}.Release|Any CPU.ActiveCfg = Release|Any CPU
		{E4573EFB-CDD5-4506-97B4-35473C4594ED}.Release|Any CPU.Build.0 = Release|Any CPU
		{65F1D5A4-0C02-4BD7-B30F-C1760E328750}.Debug|Any CPU.ActiveCfg = Debug|Any CPU
		{65F1D5A4-0C02-4BD7-B30F-C1760E328750}.Debug|Any CPU.Build.0 = Debug|Any CPU
		{65F1D5A4-0C02-4BD7-B30F-C1760E328750}.Release|Any CPU.ActiveCfg = Release|Any CPU
		{65F1D5A4-0C02-4BD7-B30F-C1760E328750}.Release|Any CPU.Build.0 = Release|Any CPU
		{A5326B82-C2EB-4E62-8A7C-52CF1596FDB8}.Debug|Any CPU.ActiveCfg = Debug|Any CPU
		{A5326B82-C2EB-4E62-8A7C-52CF1596FDB8}.Debug|Any CPU.Build.0 = Debug|Any CPU
		{A5326B82-C2EB-4E62-8A7C-52CF1596FDB8}.Release|Any CPU.ActiveCfg = Release|Any CPU
		{A5326B82-C2EB-4E62-8A7C-52CF1596FDB8}.Release|Any CPU.Build.0 = Release|Any CPU
		{DB5C1EE1-BF14-44FB-8467-1E4E884FA844}.Debug|Any CPU.ActiveCfg = Debug|Any CPU
		{DB5C1EE1-BF14-44FB-8467-1E4E884FA844}.Debug|Any CPU.Build.0 = Debug|Any CPU
		{DB5C1EE1-BF14-44FB-8467-1E4E884FA844}.Release|Any CPU.ActiveCfg = Release|Any CPU
		{DB5C1EE1-BF14-44FB-8467-1E4E884FA844}.Release|Any CPU.Build.0 = Release|Any CPU
		{21A1BB4B-D364-453B-A71C-DB06FF321752}.Debug|Any CPU.ActiveCfg = Debug|Any CPU
		{21A1BB4B-D364-453B-A71C-DB06FF321752}.Debug|Any CPU.Build.0 = Debug|Any CPU
		{21A1BB4B-D364-453B-A71C-DB06FF321752}.Release|Any CPU.ActiveCfg = Release|Any CPU
		{21A1BB4B-D364-453B-A71C-DB06FF321752}.Release|Any CPU.Build.0 = Release|Any CPU
		{7D3D43F7-3838-4E89-836B-676CFA6DB30A}.Debug|Any CPU.ActiveCfg = Debug|Any CPU
		{7D3D43F7-3838-4E89-836B-676CFA6DB30A}.Debug|Any CPU.Build.0 = Debug|Any CPU
		{7D3D43F7-3838-4E89-836B-676CFA6DB30A}.Release|Any CPU.ActiveCfg = Release|Any CPU
		{7D3D43F7-3838-4E89-836B-676CFA6DB30A}.Release|Any CPU.Build.0 = Release|Any CPU
		{2E6B6C83-7C47-4A72-9442-A1942AA97693}.Debug|Any CPU.ActiveCfg = Debug|Any CPU
		{2E6B6C83-7C47-4A72-9442-A1942AA97693}.Debug|Any CPU.Build.0 = Debug|Any CPU
		{2E6B6C83-7C47-4A72-9442-A1942AA97693}.Release|Any CPU.ActiveCfg = Release|Any CPU
		{2E6B6C83-7C47-4A72-9442-A1942AA97693}.Release|Any CPU.Build.0 = Release|Any CPU
		{2E9CB0C5-FB06-4C92-BA9A-2FBBCC91BDA1}.Debug|Any CPU.ActiveCfg = Debug|Any CPU
		{2E9CB0C5-FB06-4C92-BA9A-2FBBCC91BDA1}.Debug|Any CPU.Build.0 = Debug|Any CPU
		{2E9CB0C5-FB06-4C92-BA9A-2FBBCC91BDA1}.Release|Any CPU.ActiveCfg = Release|Any CPU
		{2E9CB0C5-FB06-4C92-BA9A-2FBBCC91BDA1}.Release|Any CPU.Build.0 = Release|Any CPU
		{79A28841-843A-448F-B623-6F4842E3586A}.Debug|Any CPU.ActiveCfg = Debug|Any CPU
		{79A28841-843A-448F-B623-6F4842E3586A}.Debug|Any CPU.Build.0 = Debug|Any CPU
		{79A28841-843A-448F-B623-6F4842E3586A}.Release|Any CPU.ActiveCfg = Release|Any CPU
		{79A28841-843A-448F-B623-6F4842E3586A}.Release|Any CPU.Build.0 = Release|Any CPU
		{AEC9F256-9BFD-4C19-A6DB-5C9195BC443A}.Debug|Any CPU.ActiveCfg = Debug|Any CPU
		{AEC9F256-9BFD-4C19-A6DB-5C9195BC443A}.Debug|Any CPU.Build.0 = Debug|Any CPU
		{AEC9F256-9BFD-4C19-A6DB-5C9195BC443A}.Release|Any CPU.ActiveCfg = Release|Any CPU
		{AEC9F256-9BFD-4C19-A6DB-5C9195BC443A}.Release|Any CPU.Build.0 = Release|Any CPU
	EndGlobalSection
	GlobalSection(NestedProjects) = preSolution
		{4F386E91-F4BA-45BB-A71A-A1A1BF316EF2} = {28D771D0-41B9-46CC-A090-D1E9DB7E214A}
		{77132F36-F602-4495-A5FE-C788940BE75A} = {361A9C1E-507B-4D7C-937F-FA0B34653EF9}
		{E7FF41B4-5D1C-4AA7-9290-D8867C9637A1} = {77132F36-F602-4495-A5FE-C788940BE75A}
		{E4573EFB-CDD5-4506-97B4-35473C4594ED} = {77132F36-F602-4495-A5FE-C788940BE75A}
		{65F1D5A4-0C02-4BD7-B30F-C1760E328750} = {77132F36-F602-4495-A5FE-C788940BE75A}
		{A5326B82-C2EB-4E62-8A7C-52CF1596FDB8} = {77132F36-F602-4495-A5FE-C788940BE75A}
		{DB5C1EE1-BF14-44FB-8467-1E4E884FA844} = {77132F36-F602-4495-A5FE-C788940BE75A}
		{21A1BB4B-D364-453B-A71C-DB06FF321752} = {28D771D0-41B9-46CC-A090-D1E9DB7E214A}
		{7D3D43F7-3838-4E89-836B-676CFA6DB30A} = {28D771D0-41B9-46CC-A090-D1E9DB7E214A}
		{2E6B6C83-7C47-4A72-9442-A1942AA97693} = {361A9C1E-507B-4D7C-937F-FA0B34653EF9}
		{3A478567-6ED6-465B-B0EB-12788B241131} = {28D771D0-41B9-46CC-A090-D1E9DB7E214A}
		{2E9CB0C5-FB06-4C92-BA9A-2FBBCC91BDA1} = {3A478567-6ED6-465B-B0EB-12788B241131}
		{79A28841-843A-448F-B623-6F4842E3586A} = {3A478567-6ED6-465B-B0EB-12788B241131}
		{AEC9F256-9BFD-4C19-A6DB-5C9195BC443A} = {28D771D0-41B9-46CC-A090-D1E9DB7E214A}
	EndGlobalSection
EndGlobal
